
Microsoft Visual Studio Solution File, Format Version 12.00
# Visual Studio Version 17
VisualStudioVersion = 17.14.36518.9 d17.14
MinimumVisualStudioVersion = 10.0.40219.1
Project("{8BC9CEB8-8B4A-11D0-8D11-00A0C91BC942}") = "Point2d", "Point2d\Point2d.vcxproj", "{4C096817-CDC4-444C-AAF9-97E78A10D8C4}"
EndProject
Global
	GlobalSection(SolutionConfigurationPlatforms) = preSolution
		Debug|x64 = Debug|x64
		Debug|x86 = Debug|x86
		Release|x64 = Release|x64
		Release|x86 = Release|x86
	EndGlobalSection
	GlobalSection(ProjectConfigurationPlatforms) = postSolution
		{4C096817-CDC4-444C-AAF9-97E78A10D8C4}.Debug|x64.ActiveCfg = Debug|x64
		{4C096817-CDC4-444C-AAF9-97E78A10D8C4}.Debug|x64.Build.0 = Debug|x64
		{4C096817-CDC4-444C-AAF9-97E78A10D8C4}.Debug|x86.ActiveCfg = Debug|Win32
		{4C096817-CDC4-444C-AAF9-97E78A10D8C4}.Debug|x86.Build.0 = Debug|Win32
		{4C096817-CDC4-444C-AAF9-97E78A10D8C4}.Release|x64.ActiveCfg = Release|x64
		{4C096817-CDC4-444C-AAF9-97E78A10D8C4}.Release|x64.Build.0 = Release|x64
		{4C096817-CDC4-444C-AAF9-97E78A10D8C4}.Release|x86.ActiveCfg = Release|Win32
		{4C096817-CDC4-444C-AAF9-97E78A10D8C4}.Release|x86.Build.0 = Release|Win32
	EndGlobalSection
	GlobalSection(SolutionProperties) = preSolution
		HideSolutionNode = FALSE
	EndGlobalSection
	GlobalSection(ExtensibilityGlobals) = postSolution
		SolutionGuid = {72196FD3-1872-458E-9952-E5D47CB84E3F}
	EndGlobalSection
EndGlobal
